
Microsoft Visual Studio Solution File, Format Version 12.00
# Visual Studio Express 2012 for Windows Desktop
Project("{FAE04EC0-301F-11D3-BF4B-00C04F79EFBC}") = "VerbaCompile", "VerbaCompile\VerbaCompile.csproj", "{3BEF668A-F661-4C19-8F52-0A519214AE78}"
EndProject
Project("{FAE04EC0-301F-11D3-BF4B-00C04F79EFBC}") = "VerbaCompileTest", "VerbaCompileTest\VerbaCompileTest.csproj", "{9F65A39C-A619-4448-8A75-A0574EB768DE}"
EndProject
Global
	GlobalSection(SolutionConfigurationPlatforms) = preSolution
		Debug|Any CPU = Debug|Any CPU
		Release|Any CPU = Release|Any CPU
	EndGlobalSection
	GlobalSection(ProjectConfigurationPlatforms) = postSolution
		{3BEF668A-F661-4C19-8F52-0A519214AE78}.Debug|Any CPU.ActiveCfg = Debug|Any CPU
		{3BEF668A-F661-4C19-8F52-0A519214AE78}.Debug|Any CPU.Build.0 = Debug|Any CPU
		{3BEF668A-F661-4C19-8F52-0A519214AE78}.Release|Any CPU.ActiveCfg = Release|Any CPU
		{3BEF668A-F661-4C19-8F52-0A519214AE78}.Release|Any CPU.Build.0 = Release|Any CPU
		{9F65A39C-A619-4448-8A75-A0574EB768DE}.Debug|Any CPU.ActiveCfg = Debug|Any CPU
		{9F65A39C-A619-4448-8A75-A0574EB768DE}.Debug|Any CPU.Build.0 = Debug|Any CPU
		{9F65A39C-A619-4448-8A75-A0574EB768DE}.Release|Any CPU.ActiveCfg = Release|Any CPU
		{9F65A39C-A619-4448-8A75-A0574EB768DE}.Release|Any CPU.Build.0 = Release|Any CPU
	EndGlobalSection
	GlobalSection(SolutionProperties) = preSolution
		HideSolutionNode = FALSE
	EndGlobalSection
EndGlobal
